
Microsoft Visual Studio Solution File, Format Version 12.00
# Visual Studio Version 17
VisualStudioVersion = 17.10.35027.167
MinimumVisualStudioVersion = 10.0.40219.1
Project("{9A19103F-16F7-4668-BE54-9A1E7A4F7556}") = "Task_Management_System", "Task_Management_System.csproj", "{40F650BC-DDF9-4221-A4B0-2DFA03220F9B}"
EndProject
Global
	GlobalSection(SolutionConfigurationPlatforms) = preSolution
		Debug|Any CPU = Debug|Any CPU
		Release|Any CPU = Release|Any CPU
	EndGlobalSection
	GlobalSection(ProjectConfigurationPlatforms) = postSolution
		{40F650BC-DDF9-4221-A4B0-2DFA03220F9B}.Debug|Any CPU.ActiveCfg = Debug|Any CPU
		{40F650BC-DDF9-4221-A4B0-2DFA03220F9B}.Debug|Any CPU.Build.0 = Debug|Any CPU
		{40F650BC-DDF9-4221-A4B0-2DFA03220F9B}.Release|Any CPU.ActiveCfg = Release|Any CPU
		{40F650BC-DDF9-4221-A4B0-2DFA03220F9B}.Release|Any CPU.Build.0 = Release|Any CPU
	EndGlobalSection
	GlobalSection(SolutionProperties) = preSolution
		HideSolutionNode = FALSE
	EndGlobalSection
	GlobalSection(ExtensibilityGlobals) = postSolution
		SolutionGuid = {642BEC8D-C458-47B4-9282-A4B887DF922F}
	EndGlobalSection
EndGlobal
